
Microsoft Visual Studio Solution File, Format Version 12.00
# Visual Studio Version 16
VisualStudioVersion = 16.0.33927.289
MinimumVisualStudioVersion = 10.0.40219.1
Project("{FAE04EC0-301F-11D3-BF4B-00C04F79EFBC}") = "NominaCapaVista", "CapaVista\NominaCapaVista.csproj", "{AA62C573-AD54-472E-8219-B6F8E05E8FD7}"
EndProject
Project("{FAE04EC0-301F-11D3-BF4B-00C04F79EFBC}") = "NominaCapaControlador", "CapaControlador\NominaCapaControlador.csproj", "{7BA50A7C-C0B8-4AA5-9E47-2780BF673A4D}"
EndProject
Project("{FAE04EC0-301F-11D3-BF4B-00C04F79EFBC}") = "NominaCapaModelo", "CapaModelo\NominaCapaModelo.csproj", "{59311DF0-F01B-4912-B8CD-2BABAEA16013}"
EndProject
Global
	GlobalSection(SolutionConfigurationPlatforms) = preSolution
		Debug|Any CPU = Debug|Any CPU
		Release|Any CPU = Release|Any CPU
	EndGlobalSection
	GlobalSection(ProjectConfigurationPlatforms) = postSolution
		{AA62C573-AD54-472E-8219-B6F8E05E8FD7}.Debug|Any CPU.ActiveCfg = Debug|Any CPU
		{AA62C573-AD54-472E-8219-B6F8E05E8FD7}.Debug|Any CPU.Build.0 = Debug|Any CPU
		{AA62C573-AD54-472E-8219-B6F8E05E8FD7}.Release|Any CPU.ActiveCfg = Release|Any CPU
		{AA62C573-AD54-472E-8219-B6F8E05E8FD7}.Release|Any CPU.Build.0 = Release|Any CPU
		{7BA50A7C-C0B8-4AA5-9E47-2780BF673A4D}.Debug|Any CPU.ActiveCfg = Debug|Any CPU
		{7BA50A7C-C0B8-4AA5-9E47-2780BF673A4D}.Debug|Any CPU.Build.0 = Debug|Any CPU
		{7BA50A7C-C0B8-4AA5-9E47-2780BF673A4D}.Release|Any CPU.ActiveCfg = Release|Any CPU
		{7BA50A7C-C0B8-4AA5-9E47-2780BF673A4D}.Release|Any CPU.Build.0 = Release|Any CPU
		{59311DF0-F01B-4912-B8CD-2BABAEA16013}.Debug|Any CPU.ActiveCfg = Debug|Any CPU
		{59311DF0-F01B-4912-B8CD-2BABAEA16013}.Debug|Any CPU.Build.0 = Debug|Any CPU
		{59311DF0-F01B-4912-B8CD-2BABAEA16013}.Release|Any CPU.ActiveCfg = Release|Any CPU
		{59311DF0-F01B-4912-B8CD-2BABAEA16013}.Release|Any CPU.Build.0 = Release|Any CPU
	EndGlobalSection
	GlobalSection(SolutionProperties) = preSolution
		HideSolutionNode = FALSE
	EndGlobalSection
	GlobalSection(ExtensibilityGlobals) = postSolution
		SolutionGuid = {DB0173D0-6A94-4BCA-A710-3417BE1B668A}
	EndGlobalSection
EndGlobal
