
Microsoft Visual Studio Solution File, Format Version 12.00
# Visual Studio Version 16
VisualStudioVersion = 16.0.33927.289
MinimumVisualStudioVersion = 10.0.40219.1
Project("{FAE04EC0-301F-11D3-BF4B-00C04F79EFBC}") = "CapaVista_TraslaProd", "CapaVista_TraslaProd\CapaVista_TraslaProd.csproj", "{19520A15-1A47-4149-90B9-38F624494560}"
EndProject
Global
	GlobalSection(SolutionConfigurationPlatforms) = preSolution
		Debug|Any CPU = Debug|Any CPU
		Release|Any CPU = Release|Any CPU
	EndGlobalSection
	GlobalSection(ProjectConfigurationPlatforms) = postSolution
		{19520A15-1A47-4149-90B9-38F624494560}.Debug|Any CPU.ActiveCfg = Debug|Any CPU
		{19520A15-1A47-4149-90B9-38F624494560}.Debug|Any CPU.Build.0 = Debug|Any CPU
		{19520A15-1A47-4149-90B9-38F624494560}.Release|Any CPU.ActiveCfg = Release|Any CPU
		{19520A15-1A47-4149-90B9-38F624494560}.Release|Any CPU.Build.0 = Release|Any CPU
	EndGlobalSection
	GlobalSection(SolutionProperties) = preSolution
		HideSolutionNode = FALSE
	EndGlobalSection
	GlobalSection(ExtensibilityGlobals) = postSolution
		SolutionGuid = {2FBEE609-7349-4C8C-BFD5-FF4EA589D348}
	EndGlobalSection
EndGlobal
